
Microsoft Visual Studio Solution File, Format Version 12.00
# Visual Studio 15
VisualStudioVersion = 15.0.28010.2048
MinimumVisualStudioVersion = 10.0.40219.1
Project("{FAE04EC0-301F-11D3-BF4B-00C04F79EFBC}") = "PlayingWithMediatR", "PlayingWithMediatR\PlayingWithMediatR.csproj", "{C8DC5135-B940-4DCF-B0A5-1B5FA98FC86C}"
EndProject
Global
	GlobalSection(SolutionConfigurationPlatforms) = preSolution
		Debug|Any CPU = Debug|Any CPU
		Release|Any CPU = Release|Any CPU
	EndGlobalSection
	GlobalSection(ProjectConfigurationPlatforms) = postSolution
		{C8DC5135-B940-4DCF-B0A5-1B5FA98FC86C}.Debug|Any CPU.ActiveCfg = Debug|Any CPU
		{C8DC5135-B940-4DCF-B0A5-1B5FA98FC86C}.Debug|Any CPU.Build.0 = Debug|Any CPU
		{C8DC5135-B940-4DCF-B0A5-1B5FA98FC86C}.Release|Any CPU.ActiveCfg = Release|Any CPU
		{C8DC5135-B940-4DCF-B0A5-1B5FA98FC86C}.Release|Any CPU.Build.0 = Release|Any CPU
	EndGlobalSection
	GlobalSection(SolutionProperties) = preSolution
		HideSolutionNode = FALSE
	EndGlobalSection
	GlobalSection(ExtensibilityGlobals) = postSolution
		SolutionGuid = {348019F1-F5A8-4DD2-BCA6-47E6ED646B4E}
	EndGlobalSection
EndGlobal
